
Microsoft Visual Studio Solution File, Format Version 12.00
# Visual Studio Version 17
VisualStudioVersion = 17.13.35913.81 d17.13
MinimumVisualStudioVersion = 10.0.40219.1
Project("{FAE04EC0-301F-11D3-BF4B-00C04F79EFBC}") = "Clothing_shop_v2", "Clothing_shop_v2\Clothing_shop_v2.csproj", "{37E7EA40-9736-4DD6-9278-0F3E17A5116E}"
EndProject
Global
	GlobalSection(SolutionConfigurationPlatforms) = preSolution
		Debug|Any CPU = Debug|Any CPU
		Release|Any CPU = Release|Any CPU
	EndGlobalSection
	GlobalSection(ProjectConfigurationPlatforms) = postSolution
		{37E7EA40-9736-4DD6-9278-0F3E17A5116E}.Debug|Any CPU.ActiveCfg = Debug|Any CPU
		{37E7EA40-9736-4DD6-9278-0F3E17A5116E}.Debug|Any CPU.Build.0 = Debug|Any CPU
		{37E7EA40-9736-4DD6-9278-0F3E17A5116E}.Release|Any CPU.ActiveCfg = Release|Any CPU
		{37E7EA40-9736-4DD6-9278-0F3E17A5116E}.Release|Any CPU.Build.0 = Release|Any CPU
	EndGlobalSection
	GlobalSection(SolutionProperties) = preSolution
		HideSolutionNode = FALSE
	EndGlobalSection
	GlobalSection(ExtensibilityGlobals) = postSolution
		SolutionGuid = {E2AD3316-AE83-4F83-ACB2-080526ED05EC}
	EndGlobalSection
EndGlobal
